{
  "version": 4,
  "terraform_version": "0.13.5",
  "serial": 267,
  "lineage": "4312099e-1bf3-3a3c-77fa-b2e57ac104bb",
  "outputs": {
    "DNS": {
      "value": "ec2-3-250-226-163.eu-west-1.compute.amazonaws.com",
      "type": "string"
    },
    "instance_ip_addr": {
      "value": "3.250.226.163",
      "type": "string"
    }
  },
  "resources": [
    {
      "mode": "managed",
      "type": "aws_instance",
      "name": "jmeter_master",
      "provider": "provider[\"registry.terraform.io/hashicorp/aws\"]",
      "instances": [
        {
          "schema_version": 1,
          "attributes": {
            "ami": "ami-0aef57767f5404a3c",
            "arn": "arn:aws:ec2:eu-west-1:376913455284:instance/i-0d17a9fde53808200",
            "associate_public_ip_address": true,
            "availability_zone": "eu-west-1a",
            "cpu_core_count": 1,
            "cpu_threads_per_core": 1,
            "credit_specification": [
              {
                "cpu_credits": "standard"
              }
            ],
            "disable_api_termination": false,
            "ebs_block_device": [],
            "ebs_optimized": false,
            "ephemeral_block_device": [],
            "get_password_data": false,
            "hibernation": false,
            "host_id": null,
            "iam_instance_profile": "",
            "id": "i-0d17a9fde53808200",
            "instance_initiated_shutdown_behavior": null,
            "instance_state": "running",
            "instance_type": "t2.micro",
            "ipv6_address_count": 0,
            "ipv6_addresses": [],
            "key_name": "my-key",
            "metadata_options": [
              {
                "http_endpoint": "enabled",
                "http_put_response_hop_limit": 1,
                "http_tokens": "optional"
              }
            ],
            "monitoring": false,
            "network_interface": [],
            "outpost_arn": "",
            "password_data": "",
            "placement_group": "",
            "primary_network_interface_id": "eni-0a1db9a51efb67e72",
            "private_dns": "ip-172-31-40-178.eu-west-1.compute.internal",
            "private_ip": "172.31.40.178",
            "public_dns": "ec2-3-250-226-163.eu-west-1.compute.amazonaws.com",
            "public_ip": "3.250.226.163",
            "root_block_device": [
              {
                "delete_on_termination": true,
                "device_name": "/dev/sda1",
                "encrypted": false,
                "iops": 100,
                "kms_key_id": "",
                "volume_id": "vol-0180abc2b837d4390",
                "volume_size": 8,
                "volume_type": "gp2"
              }
            ],
            "secondary_private_ips": [],
            "security_groups": [
              "jmeter-master-sg"
            ],
            "source_dest_check": true,
            "subnet_id": "subnet-5813eb02",
            "tags": {
              "Name": "jmeter-master"
            },
            "tenancy": "default",
            "timeouts": null,
            "user_data": null,
            "user_data_base64": null,
            "volume_tags": {},
            "vpc_security_group_ids": [
              "sg-0adb015342161608f"
            ]
          },
          "private": "eyJlMmJmYjczMC1lY2FhLTExZTYtOGY4OC0zNDM2M2JjN2M0YzAiOnsiY3JlYXRlIjo2MDAwMDAwMDAwMDAsImRlbGV0ZSI6MTIwMDAwMDAwMDAwMCwidXBkYXRlIjo2MDAwMDAwMDAwMDB9LCJzY2hlbWFfdmVyc2lvbiI6IjEifQ==",
          "dependencies": [
            "aws_security_group.jmeter"
          ]
        }
      ]
    },
    {
      "mode": "managed",
      "type": "aws_key_pair",
      "name": "my-key",
      "provider": "provider[\"registry.terraform.io/hashicorp/aws\"]",
      "instances": [
        {
          "schema_version": 1,
          "attributes": {
            "arn": "arn:aws:ec2:eu-west-1:376913455284:key-pair/my-key",
            "fingerprint": "4d:e9:5e:99:25:37:f8:93:8d:bc:d2:92:c8:13:5f:8a",
            "id": "my-key",
            "key_name": "my-key",
            "key_name_prefix": null,
            "key_pair_id": "key-0d18253d5e493c77e",
            "public_key": "ssh-rsa AAAAB3NzaC1yc2EAAAADAQABAAABgQDvH8qILQvh6kC6asQWrDTj9mRBPJ0tRJktg4rXG2jNQu3ME2AFULjVXxPrHyolmXf/RBT9oIOxspCEvCXmNHmsbonDXQOjciGuiittpxer+2g3w/f3S16krA0f70K5BwFBpmSLcL34hwpBOM1w0P4wDAYAgHyEaietBSVAgf3PIoCz9nnd14h4GQFa5BZc7s3S1o9fJHMIEpG+5VpicCIGab8H1QXUgDLJWXzI9FDaDlkhoUAgubt/TLfcgDtdXsu7wV0lFDu29/YXxzalZJd0U6NLsthX8l6llgplgaPKzwFrjHJuETLd5497ZdnCUIlnOzvDJYjGuvKRG8Sdue7P7Sh96rYi1GvqmKW0nNbGMNaT1cFm8/ynPzX2P7R7YLGtz3ILwPusef+ux7tmy076B/2+ujsDiEd+unH29uTL7MbFJpeci6e2fMyeYP6Me6HBtrpE8z34z/22D2tzWMt2FQVrLUpiWpsKhPBkaXuuu2tHBnF2HTYM/lwS1UTuIbM= ianigbo@zaizi.com",
            "tags": {}
          },
          "private": "eyJzY2hlbWFfdmVyc2lvbiI6IjEifQ=="
        }
      ]
    },
    {
      "mode": "managed",
      "type": "aws_security_group",
      "name": "jmeter",
      "provider": "provider[\"registry.terraform.io/hashicorp/aws\"]",
      "instances": [
        {
          "schema_version": 1,
          "attributes": {
            "arn": "arn:aws:ec2:eu-west-1:376913455284:security-group/sg-0adb015342161608f",
            "description": "Managed by Terraform",
            "egress": [
              {
                "cidr_blocks": [
                  "0.0.0.0/0"
                ],
                "description": "",
                "from_port": 0,
                "ipv6_cidr_blocks": [],
                "prefix_list_ids": [],
                "protocol": "-1",
                "security_groups": [],
                "self": false,
                "to_port": 0
              }
            ],
            "id": "sg-0adb015342161608f",
            "ingress": [
              {
                "cidr_blocks": [
                  "0.0.0.0/0"
                ],
                "description": "",
                "from_port": 22,
                "ipv6_cidr_blocks": [],
                "prefix_list_ids": [],
                "protocol": "tcp",
                "security_groups": [],
                "self": false,
                "to_port": 22
              },
              {
                "cidr_blocks": [
                  "0.0.0.0/0"
                ],
                "description": "",
                "from_port": 3389,
                "ipv6_cidr_blocks": [],
                "prefix_list_ids": [],
                "protocol": "tcp",
                "security_groups": [],
                "self": false,
                "to_port": 3389
              },
              {
                "cidr_blocks": [
                  "0.0.0.0/0"
                ],
                "description": "",
                "from_port": 80,
                "ipv6_cidr_blocks": [],
                "prefix_list_ids": [],
                "protocol": "tcp",
                "security_groups": [],
                "self": false,
                "to_port": 80
              }
            ],
            "name": "jmeter-master-sg",
            "name_prefix": "",
            "owner_id": "376913455284",
            "revoke_rules_on_delete": false,
            "tags": {},
            "timeouts": null,
            "vpc_id": "vpc-03226765"
          },
          "private": "eyJlMmJmYjczMC1lY2FhLTExZTYtOGY4OC0zNDM2M2JjN2M0YzAiOnsiY3JlYXRlIjo2MDAwMDAwMDAwMDAsImRlbGV0ZSI6NjAwMDAwMDAwMDAwfSwic2NoZW1hX3ZlcnNpb24iOiIxIn0="
        }
      ]
    }
  ]
}
